// !$*UTF8*$!
{
	archiveVersion = 1;
	classes = {
	};
	objectVersion = 50;
	objects = {

/* Begin PBXBuildFile section */
		341768EB22BC70B900A8B4E3 /* ProcessingView.swift in Sources */ = {isa = PBXBuildFile; fileRef = 341768EA22BC70B900A8B4E3 /* ProcessingView.swift */; };
		341768ED22BC711200A8B4E3 /* RenderClock.swift in Sources */ = {isa = PBXBuildFile; fileRef = 341768EC22BC711200A8B4E3 /* RenderClock.swift */; };
		341768EF22BDC67B00A8B4E3 /* MenuView.swift in Sources */ = {isa = PBXBuildFile; fileRef = 341768EE22BDC67B00A8B4E3 /* MenuView.swift */; };
		341768F322BDD2D800A8B4E3 /* SpinnerView.swift in Sources */ = {isa = PBXBuildFile; fileRef = 341768F222BDD2D800A8B4E3 /* SpinnerView.swift */; };
		343E3A1022BE6CDD00FD0EB3 /* TrianglesView.swift in Sources */ = {isa = PBXBuildFile; fileRef = 343E3A0F22BE6CDD00FD0EB3 /* TrianglesView.swift */; };
		343E3A1222BFBBA600FD0EB3 /* SwiftUI+Extensions.swift in Sources */ = {isa = PBXBuildFile; fileRef = 343E3A1122BFBBA600FD0EB3 /* SwiftUI+Extensions.swift */; };
		343E3A1422BFBC6100FD0EB3 /* Ease.swift in Sources */ = {isa = PBXBuildFile; fileRef = 343E3A1322BFBC6100FD0EB3 /* Ease.swift */; };
		343E3A1622BFC20B00FD0EB3 /* StandardLibrary+Extensions.swift in Sources */ = {isa = PBXBuildFile; fileRef = 343E3A1522BFC20B00FD0EB3 /* StandardLibrary+Extensions.swift */; };
		343E3A1822BFCE2D00FD0EB3 /* PerlinNoise.swift in Sources */ = {isa = PBXBuildFile; fileRef = 343E3A1722BFCE2D00FD0EB3 /* PerlinNoise.swift */; };
		343E3A1A22BFFA1800FD0EB3 /* LinesView.swift in Sources */ = {isa = PBXBuildFile; fileRef = 343E3A1922BFFA1800FD0EB3 /* LinesView.swift */; };
		343F40F022B741DF00D3A3AA /* AppDelegate.swift in Sources */ = {isa = PBXBuildFile; fileRef = 343F40EF22B741DF00D3A3AA /* AppDelegate.swift */; };
		343F40F222B741DF00D3A3AA /* SceneDelegate.swift in Sources */ = {isa = PBXBuildFile; fileRef = 343F40F122B741DF00D3A3AA /* SceneDelegate.swift */; };
		343F40F622B741E200D3A3AA /* Assets.xcassets in Resources */ = {isa = PBXBuildFile; fileRef = 343F40F522B741E200D3A3AA /* Assets.xcassets */; };
		343F40F922B741E200D3A3AA /* Preview Assets.xcassets in Resources */ = {isa = PBXBuildFile; fileRef = 343F40F822B741E200D3A3AA /* Preview Assets.xcassets */; };
		343F40FC22B741E200D3A3AA /* LaunchScreen.storyboard in Resources */ = {isa = PBXBuildFile; fileRef = 343F40FA22B741E200D3A3AA /* LaunchScreen.storyboard */; };
		343F410722B741E200D3A3AA /* ProcessingTests.swift in Sources */ = {isa = PBXBuildFile; fileRef = 343F410622B741E200D3A3AA /* ProcessingTests.swift */; };
		344CA0B322C9649700657951 /* CircleOfDots.swift in Sources */ = {isa = PBXBuildFile; fileRef = 344CA0B222C9649700657951 /* CircleOfDots.swift */; };
		3455616F22C02C2100A32B02 /* SpreadView.swift in Sources */ = {isa = PBXBuildFile; fileRef = 3455616E22C02C2100A32B02 /* SpreadView.swift */; };
		347F7D3822BA83A20098BAE8 /* TwisterView.swift in Sources */ = {isa = PBXBuildFile; fileRef = 347F7D3722BA83A20098BAE8 /* TwisterView.swift */; };
		34AFCFB022CC2A3C00BF8F6A /* Inspectable.swift in Sources */ = {isa = PBXBuildFile; fileRef = 34AFCFAF22CC2A3C00BF8F6A /* Inspectable.swift */; };
		34DC862E22C4617500C5E824 /* DesignableView.swift in Sources */ = {isa = PBXBuildFile; fileRef = 34DC862D22C4617500C5E824 /* DesignableView.swift */; };
/* End PBXBuildFile section */

/* Begin PBXContainerItemProxy section */
		343F410322B741E200D3A3AA /* PBXContainerItemProxy */ = {
			isa = PBXContainerItemProxy;
			containerPortal = 343F40E422B741DF00D3A3AA /* Project object */;
			proxyType = 1;
			remoteGlobalIDString = 343F40EB22B741DF00D3A3AA;
			remoteInfo = Superior;
		};
/* End PBXContainerItemProxy section */

/* Begin PBXFileReference section */
		341768EA22BC70B900A8B4E3 /* ProcessingView.swift */ = {isa = PBXFileReference; lastKnownFileType = sourcecode.swift; path = ProcessingView.swift; sourceTree = "<group>"; };
		341768EC22BC711200A8B4E3 /* RenderClock.swift */ = {isa = PBXFileReference; lastKnownFileType = sourcecode.swift; path = RenderClock.swift; sourceTree = "<group>"; };
		341768EE22BDC67B00A8B4E3 /* MenuView.swift */ = {isa = PBXFileReference; lastKnownFileType = sourcecode.swift; path = MenuView.swift; sourceTree = "<group>"; };
		341768F222BDD2D800A8B4E3 /* SpinnerView.swift */ = {isa = PBXFileReference; lastKnownFileType = sourcecode.swift; path = SpinnerView.swift; sourceTree = "<group>"; };
		343E3A0F22BE6CDD00FD0EB3 /* TrianglesView.swift */ = {isa = PBXFileReference; lastKnownFileType = sourcecode.swift; path = TrianglesView.swift; sourceTree = "<group>"; };
		343E3A1122BFBBA600FD0EB3 /* SwiftUI+Extensions.swift */ = {isa = PBXFileReference; lastKnownFileType = sourcecode.swift; path = "SwiftUI+Extensions.swift"; sourceTree = "<group>"; };
		343E3A1322BFBC6100FD0EB3 /* Ease.swift */ = {isa = PBXFileReference; lastKnownFileType = sourcecode.swift; path = Ease.swift; sourceTree = "<group>"; };
		343E3A1522BFC20B00FD0EB3 /* StandardLibrary+Extensions.swift */ = {isa = PBXFileReference; lastKnownFileType = sourcecode.swift; path = "StandardLibrary+Extensions.swift"; sourceTree = "<group>"; };
		343E3A1722BFCE2D00FD0EB3 /* PerlinNoise.swift */ = {isa = PBXFileReference; lastKnownFileType = sourcecode.swift; path = PerlinNoise.swift; sourceTree = "<group>"; };
		343E3A1922BFFA1800FD0EB3 /* LinesView.swift */ = {isa = PBXFileReference; lastKnownFileType = sourcecode.swift; path = LinesView.swift; sourceTree = "<group>"; };
		343F40EC22B741DF00D3A3AA /* Processing.app */ = {isa = PBXFileReference; explicitFileType = wrapper.application; includeInIndex = 0; path = Processing.app; sourceTree = BUILT_PRODUCTS_DIR; };
		343F40EF22B741DF00D3A3AA /* AppDelegate.swift */ = {isa = PBXFileReference; lastKnownFileType = sourcecode.swift; path = AppDelegate.swift; sourceTree = "<group>"; };
		343F40F122B741DF00D3A3AA /* SceneDelegate.swift */ = {isa = PBXFileReference; lastKnownFileType = sourcecode.swift; path = SceneDelegate.swift; sourceTree = "<group>"; };
		343F40F522B741E200D3A3AA /* Assets.xcassets */ = {isa = PBXFileReference; lastKnownFileType = folder.assetcatalog; path = Assets.xcassets; sourceTree = "<group>"; };
		343F40F822B741E200D3A3AA /* Preview Assets.xcassets */ = {isa = PBXFileReference; lastKnownFileType = folder.assetcatalog; path = "Preview Assets.xcassets"; sourceTree = "<group>"; };
		343F40FB22B741E200D3A3AA /* Base */ = {isa = PBXFileReference; lastKnownFileType = file.storyboard; name = Base; path = Base.lproj/LaunchScreen.storyboard; sourceTree = "<group>"; };
		343F40FD22B741E200D3A3AA /* Info.plist */ = {isa = PBXFileReference; lastKnownFileType = text.plist.xml; path = Info.plist; sourceTree = "<group>"; };
		343F410222B741E200D3A3AA /* ProcessingTests.xctest */ = {isa = PBXFileReference; explicitFileType = wrapper.cfbundle; includeInIndex = 0; path = ProcessingTests.xctest; sourceTree = BUILT_PRODUCTS_DIR; };
		343F410622B741E200D3A3AA /* ProcessingTests.swift */ = {isa = PBXFileReference; lastKnownFileType = sourcecode.swift; path = ProcessingTests.swift; sourceTree = "<group>"; };
		343F410822B741E200D3A3AA /* Info.plist */ = {isa = PBXFileReference; lastKnownFileType = text.plist.xml; path = Info.plist; sourceTree = "<group>"; };
		344CA0B222C9649700657951 /* CircleOfDots.swift */ = {isa = PBXFileReference; lastKnownFileType = sourcecode.swift; path = CircleOfDots.swift; sourceTree = "<group>"; };
		344EE39522C06C7400B2510E /* README.md */ = {isa = PBXFileReference; lastKnownFileType = net.daringfireball.markdown; path = README.md; sourceTree = "<group>"; };
		3455616E22C02C2100A32B02 /* SpreadView.swift */ = {isa = PBXFileReference; lastKnownFileType = sourcecode.swift; path = SpreadView.swift; sourceTree = "<group>"; };
		347F7D3722BA83A20098BAE8 /* TwisterView.swift */ = {isa = PBXFileReference; lastKnownFileType = sourcecode.swift; path = TwisterView.swift; sourceTree = "<group>"; };
		34AFCFAF22CC2A3C00BF8F6A /* Inspectable.swift */ = {isa = PBXFileReference; lastKnownFileType = sourcecode.swift; path = Inspectable.swift; sourceTree = "<group>"; };
		34DC862D22C4617500C5E824 /* DesignableView.swift */ = {isa = PBXFileReference; lastKnownFileType = sourcecode.swift; path = DesignableView.swift; sourceTree = "<group>"; };
/* End PBXFileReference section */

/* Begin PBXFrameworksBuildPhase section */
		343F40E922B741DF00D3A3AA /* Frameworks */ = {
			isa = PBXFrameworksBuildPhase;
			buildActionMask = 2147483647;
			files = (
			);
			runOnlyForDeploymentPostprocessing = 0;
		};
		343F40FF22B741E200D3A3AA /* Frameworks */ = {
			isa = PBXFrameworksBuildPhase;
			buildActionMask = 2147483647;
			files = (
			);
			runOnlyForDeploymentPostprocessing = 0;
		};
/* End PBXFrameworksBuildPhase section */

/* Begin PBXGroup section */
		3417058422D5637100FBF5A7 /* Animations */ = {
			isa = PBXGroup;
			children = (
				344CA0B222C9649700657951 /* CircleOfDots.swift */,
				343E3A1922BFFA1800FD0EB3 /* LinesView.swift */,
				341768F222BDD2D800A8B4E3 /* SpinnerView.swift */,
				3455616E22C02C2100A32B02 /* SpreadView.swift */,
				343E3A0F22BE6CDD00FD0EB3 /* TrianglesView.swift */,
				347F7D3722BA83A20098BAE8 /* TwisterView.swift */,
			);
			path = Animations;
			sourceTree = "<group>";
		};
		3417058522D5639200FBF5A7 /* AnimationSupport */ = {
			isa = PBXGroup;
			children = (
				343E3A1322BFBC6100FD0EB3 /* Ease.swift */,
				343E3A1722BFCE2D00FD0EB3 /* PerlinNoise.swift */,
				341768EA22BC70B900A8B4E3 /* ProcessingView.swift */,
				341768EC22BC711200A8B4E3 /* RenderClock.swift */,
			);
			path = AnimationSupport;
			sourceTree = "<group>";
		};
		3417058622D5640400FBF5A7 /* Utiilty */ = {
			isa = PBXGroup;
			children = (
				34DC862D22C4617500C5E824 /* DesignableView.swift */,
				34AFCFAF22CC2A3C00BF8F6A /* Inspectable.swift */,
				343E3A1522BFC20B00FD0EB3 /* StandardLibrary+Extensions.swift */,
				343E3A1122BFBBA600FD0EB3 /* SwiftUI+Extensions.swift */,
			);
			path = Utiilty;
			sourceTree = "<group>";
		};
		343F40E322B741DF00D3A3AA = {
			isa = PBXGroup;
			children = (
				344EE39522C06C7400B2510E /* README.md */,
				343F40EE22B741DF00D3A3AA /* Processing */,
				343F410522B741E200D3A3AA /* ProcessingTests */,
				343F40ED22B741DF00D3A3AA /* Products */,
			);
			sourceTree = "<group>";
		};
		343F40ED22B741DF00D3A3AA /* Products */ = {
			isa = PBXGroup;
			children = (
				343F40EC22B741DF00D3A3AA /* Processing.app */,
				343F410222B741E200D3A3AA /* ProcessingTests.xctest */,
			);
			name = Products;
			sourceTree = "<group>";
		};
		343F40EE22B741DF00D3A3AA /* Processing */ = {
			isa = PBXGroup;
			children = (
				343F40EF22B741DF00D3A3AA /* AppDelegate.swift */,
				343F40F122B741DF00D3A3AA /* SceneDelegate.swift */,
				341768EE22BDC67B00A8B4E3 /* MenuView.swift */,
				3417058422D5637100FBF5A7 /* Animations */,
				3417058522D5639200FBF5A7 /* AnimationSupport */,
				3417058622D5640400FBF5A7 /* Utiilty */,
				343F40F522B741E200D3A3AA /* Assets.xcassets */,
				343F40FA22B741E200D3A3AA /* LaunchScreen.storyboard */,
				343F40FD22B741E200D3A3AA /* Info.plist */,
				343F40F722B741E200D3A3AA /* Preview Content */,
			);
			path = Processing;
			sourceTree = "<group>";
		};
		343F40F722B741E200D3A3AA /* Preview Content */ = {
			isa = PBXGroup;
			children = (
				343F40F822B741E200D3A3AA /* Preview Assets.xcassets */,
			);
			path = "Preview Content";
			sourceTree = "<group>";
		};
		343F410522B741E200D3A3AA /* ProcessingTests */ = {
			isa = PBXGroup;
			children = (
				343F410622B741E200D3A3AA /* ProcessingTests.swift */,
				343F410822B741E200D3A3AA /* Info.plist */,
			);
			path = ProcessingTests;
			sourceTree = "<group>";
		};
/* End PBXGroup section */

/* Begin PBXNativeTarget section */
		343F40EB22B741DF00D3A3AA /* Processing */ = {
			isa = PBXNativeTarget;
			buildConfigurationList = 343F410B22B741E200D3A3AA /* Build configuration list for PBXNativeTarget "Processing" */;
			buildPhases = (
				343F40E822B741DF00D3A3AA /* Sources */,
				343F40E922B741DF00D3A3AA /* Frameworks */,
				343F40EA22B741DF00D3A3AA /* Resources */,
			);
			buildRules = (
			);
			dependencies = (
			);
			name = Processing;
			productName = Superior;
			productReference = 343F40EC22B741DF00D3A3AA /* Processing.app */;
			productType = "com.apple.product-type.application";
		};
		343F410122B741E200D3A3AA /* ProcessingTests */ = {
			isa = PBXNativeTarget;
			buildConfigurationList = 343F410E22B741E200D3A3AA /* Build configuration list for PBXNativeTarget "ProcessingTests" */;
			buildPhases = (
				343F40FE22B741E200D3A3AA /* Sources */,
				343F40FF22B741E200D3A3AA /* Frameworks */,
				343F410022B741E200D3A3AA /* Resources */,
			);
			buildRules = (
			);
			dependencies = (
				343F410422B741E200D3A3AA /* PBXTargetDependency */,
			);
			name = ProcessingTests;
			productName = SuperiorTests;
			productReference = 343F410222B741E200D3A3AA /* ProcessingTests.xctest */;
			productType = "com.apple.product-type.bundle.unit-test";
		};
/* End PBXNativeTarget section */

/* Begin PBXProject section */
		343F40E422B741DF00D3A3AA /* Project object */ = {
			isa = PBXProject;
			attributes = {
				LastSwiftUpdateCheck = 1100;
				LastUpgradeCheck = 1100;
				ORGANIZATIONNAME = "Anandabits LLC";
				TargetAttributes = {
					343F40EB22B741DF00D3A3AA = {
						CreatedOnToolsVersion = 11.0;
					};
					343F410122B741E200D3A3AA = {
						CreatedOnToolsVersion = 11.0;
						TestTargetID = 343F40EB22B741DF00D3A3AA;
					};
				};
			};
			buildConfigurationList = 343F40E722B741DF00D3A3AA /* Build configuration list for PBXProject "Processing" */;
			compatibilityVersion = "Xcode 9.3";
			developmentRegion = en;
			hasScannedForEncodings = 0;
			knownRegions = (
				en,
				Base,
			);
			mainGroup = 343F40E322B741DF00D3A3AA;
			productRefGroup = 343F40ED22B741DF00D3A3AA /* Products */;
			projectDirPath = "";
			projectRoot = "";
			targets = (
				343F40EB22B741DF00D3A3AA /* Processing */,
				343F410122B741E200D3A3AA /* ProcessingTests */,
			);
		};
/* End PBXProject section */

/* Begin PBXResourcesBuildPhase section */
		343F40EA22B741DF00D3A3AA /* Resources */ = {
			isa = PBXResourcesBuildPhase;
			buildActionMask = 2147483647;
			files = (
				343F40FC22B741E200D3A3AA /* LaunchScreen.storyboard in Resources */,
				343F40F922B741E200D3A3AA /* Preview Assets.xcassets in Resources */,
				343F40F622B741E200D3A3AA /* Assets.xcassets in Resources */,
			);
			runOnlyForDeploymentPostprocessing = 0;
		};
		343F410022B741E200D3A3AA /* Resources */ = {
			isa = PBXResourcesBuildPhase;
			buildActionMask = 2147483647;
			files = (
			);
			runOnlyForDeploymentPostprocessing = 0;
		};
/* End PBXResourcesBuildPhase section */

/* Begin PBXSourcesBuildPhase section */
		343F40E822B741DF00D3A3AA /* Sources */ = {
			isa = PBXSourcesBuildPhase;
			buildActionMask = 2147483647;
			files = (
				343E3A1622BFC20B00FD0EB3 /* StandardLibrary+Extensions.swift in Sources */,
				341768EF22BDC67B00A8B4E3 /* MenuView.swift in Sources */,
				341768ED22BC711200A8B4E3 /* RenderClock.swift in Sources */,
				343E3A1022BE6CDD00FD0EB3 /* TrianglesView.swift in Sources */,
				34AFCFB022CC2A3C00BF8F6A /* Inspectable.swift in Sources */,
				343E3A1A22BFFA1800FD0EB3 /* LinesView.swift in Sources */,
				343F40F022B741DF00D3A3AA /* AppDelegate.swift in Sources */,
				341768EB22BC70B900A8B4E3 /* ProcessingView.swift in Sources */,
				343E3A1222BFBBA600FD0EB3 /* SwiftUI+Extensions.swift in Sources */,
				34DC862E22C4617500C5E824 /* DesignableView.swift in Sources */,
				343E3A1822BFCE2D00FD0EB3 /* PerlinNoise.swift in Sources */,
				3455616F22C02C2100A32B02 /* SpreadView.swift in Sources */,
				343F40F222B741DF00D3A3AA /* SceneDelegate.swift in Sources */,
				341768F322BDD2D800A8B4E3 /* SpinnerView.swift in Sources */,
				343E3A1422BFBC6100FD0EB3 /* Ease.swift in Sources */,
				344CA0B322C9649700657951 /* CircleOfDots.swift in Sources */,
				347F7D3822BA83A20098BAE8 /* TwisterView.swift in Sources */,
			);
			runOnlyForDeploymentPostprocessing = 0;
		};
		343F40FE22B741E200D3A3AA /* Sources */ = {
			isa = PBXSourcesBuildPhase;
			buildActionMask = 2147483647;
			files = (
				343F410722B741E200D3A3AA /* ProcessingTests.swift in Sources */,
			);
			runOnlyForDeploymentPostprocessing = 0;
		};
/* End PBXSourcesBuildPhase section */

/* Begin PBXTargetDependency section */
		343F410422B741E200D3A3AA /* PBXTargetDependency */ = {
			isa = PBXTargetDependency;
			target = 343F40EB22B741DF00D3A3AA /* Processing */;
			targetProxy = 343F410322B741E200D3A3AA /* PBXContainerItemProxy */;
		};
/* End PBXTargetDependency section */

/* Begin PBXVariantGroup section */
		343F40FA22B741E200D3A3AA /* LaunchScreen.storyboard */ = {
			isa = PBXVariantGroup;
			children = (
				343F40FB22B741E200D3A3AA /* Base */,
			);
			name = LaunchScreen.storyboard;
			sourceTree = "<group>";
		};
/* End PBXVariantGroup section */

/* Begin XCBuildConfiguration section */
		343F410922B741E200D3A3AA /* Debug */ = {
			isa = XCBuildConfiguration;
			buildSettings = {
				ALWAYS_SEARCH_USER_PATHS = NO;
				CLANG_ANALYZER_NONNULL = YES;
				CLANG_ANALYZER_NUMBER_OBJECT_CONVERSION = YES_AGGRESSIVE;
				CLANG_CXX_LANGUAGE_STANDARD = "gnu++14";
				CLANG_CXX_LIBRARY = "libc++";
				CLANG_ENABLE_MODULES = YES;
				CLANG_ENABLE_OBJC_ARC = YES;
				CLANG_ENABLE_OBJC_WEAK = YES;
				CLANG_WARN_BLOCK_CAPTURE_AUTORELEASING = YES;
				CLANG_WARN_BOOL_CONVERSION = YES;
				CLANG_WARN_COMMA = YES;
				CLANG_WARN_CONSTANT_CONVERSION = YES;
				CLANG_WARN_DEPRECATED_OBJC_IMPLEMENTATIONS = YES;
				CLANG_WARN_DIRECT_OBJC_ISA_USAGE = YES_ERROR;
				CLANG_WARN_DOCUMENTATION_COMMENTS = YES;
				CLANG_WARN_EMPTY_BODY = YES;
				CLANG_WARN_ENUM_CONVERSION = YES;
				CLANG_WARN_INFINITE_RECURSION = YES;
				CLANG_WARN_INT_CONVERSION = YES;
				CLANG_WARN_NON_LITERAL_NULL_CONVERSION = YES;
				CLANG_WARN_OBJC_IMPLICIT_RETAIN_SELF = YES;
				CLANG_WARN_OBJC_LITERAL_CONVERSION = YES;
				CLANG_WARN_OBJC_ROOT_CLASS = YES_ERROR;
				CLANG_WARN_RANGE_LOOP_ANALYSIS = YES;
				CLANG_WARN_STRICT_PROTOTYPES = YES;
				CLANG_WARN_SUSPICIOUS_MOVE = YES;
				CLANG_WARN_UNGUARDED_AVAILABILITY = YES_AGGRESSIVE;
				CLANG_WARN_UNREACHABLE_CODE = YES;
				CLANG_WARN__DUPLICATE_METHOD_MATCH = YES;
				COPY_PHASE_STRIP = NO;
				DEBUG_INFORMATION_FORMAT = dwarf;
				ENABLE_STRICT_OBJC_MSGSEND = YES;
				ENABLE_TESTABILITY = YES;
				GCC_C_LANGUAGE_STANDARD = gnu11;
				GCC_DYNAMIC_NO_PIC = NO;
				GCC_NO_COMMON_BLOCKS = YES;
				GCC_OPTIMIZATION_LEVEL = 0;
				GCC_PREPROCESSOR_DEFINITIONS = (
					"DEBUG=1",
					"$(inherited)",
				);
				GCC_WARN_64_TO_32_BIT_CONVERSION = YES;
				GCC_WARN_ABOUT_RETURN_TYPE = YES_ERROR;
				GCC_WARN_UNDECLARED_SELECTOR = YES;
				GCC_WARN_UNINITIALIZED_AUTOS = YES_AGGRESSIVE;
				GCC_WARN_UNUSED_FUNCTION = YES;
				GCC_WARN_UNUSED_VARIABLE = YES;
				IPHONEOS_DEPLOYMENT_TARGET = 13.0;
				MTL_ENABLE_DEBUG_INFO = INCLUDE_SOURCE;
				MTL_FAST_MATH = YES;
				ONLY_ACTIVE_ARCH = YES;
				SDKROOT = iphoneos;
				SWIFT_ACTIVE_COMPILATION_CONDITIONS = DEBUG;
				SWIFT_OPTIMIZATION_LEVEL = "-Onone";
			};
			name = Debug;
		};
		343F410A22B741E200D3A3AA /* Release */ = {
			isa = XCBuildConfiguration;
			buildSettings = {
				ALWAYS_SEARCH_USER_PATHS = NO;
				CLANG_ANALYZER_NONNULL = YES;
				CLANG_ANALYZER_NUMBER_OBJECT_CONVERSION = YES_AGGRESSIVE;
				CLANG_CXX_LANGUAGE_STANDARD = "gnu++14";
				CLANG_CXX_LIBRARY = "libc++";
				CLANG_ENABLE_MODULES = YES;
				CLANG_ENABLE_OBJC_ARC = YES;
				CLANG_ENABLE_OBJC_WEAK = YES;
				CLANG_WARN_BLOCK_CAPTURE_AUTORELEASING = YES;
				CLANG_WARN_BOOL_CONVERSION = YES;
				CLANG_WARN_COMMA = YES;
				CLANG_WARN_CONSTANT_CONVERSION = YES;
				CLANG_WARN_DEPRECATED_OBJC_IMPLEMENTATIONS = YES;
				CLANG_WARN_DIRECT_OBJC_ISA_USAGE = YES_ERROR;
				CLANG_WARN_DOCUMENTATION_COMMENTS = YES;
				CLANG_WARN_EMPTY_BODY = YES;
				CLANG_WARN_ENUM_CONVERSION = YES;
				CLANG_WARN_INFINITE_RECURSION = YES;
				CLANG_WARN_INT_CONVERSION = YES;
				CLANG_WARN_NON_LITERAL_NULL_CONVERSION = YES;
				CLANG_WARN_OBJC_IMPLICIT_RETAIN_SELF = YES;
				CLANG_WARN_OBJC_LITERAL_CONVERSION = YES;
				CLANG_WARN_OBJC_ROOT_CLASS = YES_ERROR;
				CLANG_WARN_RANGE_LOOP_ANALYSIS = YES;
				CLANG_WARN_STRICT_PROTOTYPES = YES;
				CLANG_WARN_SUSPICIOUS_MOVE = YES;
				CLANG_WARN_UNGUARDED_AVAILABILITY = YES_AGGRESSIVE;
				CLANG_WARN_UNREACHABLE_CODE = YES;
				CLANG_WARN__DUPLICATE_METHOD_MATCH = YES;
				COPY_PHASE_STRIP = NO;
				DEBUG_INFORMATION_FORMAT = "dwarf-with-dsym";
				ENABLE_NS_ASSERTIONS = NO;
				ENABLE_STRICT_OBJC_MSGSEND = YES;
				GCC_C_LANGUAGE_STANDARD = gnu11;
				GCC_NO_COMMON_BLOCKS = YES;
				GCC_WARN_64_TO_32_BIT_CONVERSION = YES;
				GCC_WARN_ABOUT_RETURN_TYPE = YES_ERROR;
				GCC_WARN_UNDECLARED_SELECTOR = YES;
				GCC_WARN_UNINITIALIZED_AUTOS = YES_AGGRESSIVE;
				GCC_WARN_UNUSED_FUNCTION = YES;
				GCC_WARN_UNUSED_VARIABLE = YES;
				IPHONEOS_DEPLOYMENT_TARGET = 13.0;
				MTL_ENABLE_DEBUG_INFO = NO;
				MTL_FAST_MATH = YES;
				SDKROOT = iphoneos;
				SWIFT_COMPILATION_MODE = wholemodule;
				SWIFT_OPTIMIZATION_LEVEL = "-O";
				VALIDATE_PRODUCT = YES;
			};
			name = Release;
		};
		343F410C22B741E200D3A3AA /* Debug */ = {
			isa = XCBuildConfiguration;
			buildSettings = {
				ASSETCATALOG_COMPILER_APPICON_NAME = AppIcon;
				CODE_SIGN_STYLE = Automatic;
				DEVELOPMENT_ASSET_PATHS = "Processing/Preview\\ Content";
				DEVELOPMENT_TEAM = QB2WELGXZ7;
				ENABLE_PREVIEWS = YES;
				INFOPLIST_FILE = Processing/Info.plist;
				LD_RUNPATH_SEARCH_PATHS = (
					"$(inherited)",
					"@executable_path/Frameworks",
				);
				PRODUCT_BUNDLE_IDENTIFIER = com.anandabits.Processing;
				PRODUCT_NAME = "$(TARGET_NAME)";
				SWIFT_VERSION = 5.0;
				TARGETED_DEVICE_FAMILY = "1,2";
			};
			name = Debug;
		};
		343F410D22B741E200D3A3AA /* Release */ = {
			isa = XCBuildConfiguration;
			buildSettings = {
				ASSETCATALOG_COMPILER_APPICON_NAME = AppIcon;
				CODE_SIGN_STYLE = Automatic;
				DEVELOPMENT_ASSET_PATHS = "Processing/Preview\\ Content";
				DEVELOPMENT_TEAM = QB2WELGXZ7;
				ENABLE_PREVIEWS = YES;
				INFOPLIST_FILE = Processing/Info.plist;
				LD_RUNPATH_SEARCH_PATHS = (
					"$(inherited)",
					"@executable_path/Frameworks",
				);
				PRODUCT_BUNDLE_IDENTIFIER = com.anandabits.Processing;
				PRODUCT_NAME = "$(TARGET_NAME)";
				SWIFT_VERSION = 5.0;
				TARGETED_DEVICE_FAMILY = "1,2";
			};
			name = Release;
		};
		343F410F22B741E200D3A3AA /* Debug */ = {
			isa = XCBuildConfiguration;
			buildSettings = {
				ALWAYS_EMBED_SWIFT_STANDARD_LIBRARIES = YES;
				BUNDLE_LOADER = "$(TEST_HOST)";
				CODE_SIGN_STYLE = Automatic;
				DEVELOPMENT_TEAM = QB2WELGXZ7;
				INFOPLIST_FILE = ProcessingTests/Info.plist;
				LD_RUNPATH_SEARCH_PATHS = (
					"$(inherited)",
					"@executable_path/Frameworks",
					"@loader_path/Frameworks",
				);
				PRODUCT_BUNDLE_IDENTIFIER = com.anandabits.ProcessingTests;
				PRODUCT_NAME = "$(TARGET_NAME)";
				SWIFT_VERSION = 5.0;
				TARGETED_DEVICE_FAMILY = "1,2";
				TEST_HOST = "$(BUILT_PRODUCTS_DIR)/Processing.app/Processing";
			};
			name = Debug;
		};
		343F411022B741E200D3A3AA /* Release */ = {
			isa = XCBuildConfiguration;
			buildSettings = {
				ALWAYS_EMBED_SWIFT_STANDARD_LIBRARIES = YES;
				BUNDLE_LOADER = "$(TEST_HOST)";
				CODE_SIGN_STYLE = Automatic;
				DEVELOPMENT_TEAM = QB2WELGXZ7;
				INFOPLIST_FILE = ProcessingTests/Info.plist;
				LD_RUNPATH_SEARCH_PATHS = (
					"$(inherited)",
					"@executable_path/Frameworks",
					"@loader_path/Frameworks",
				);
				PRODUCT_BUNDLE_IDENTIFIER = com.anandabits.ProcessingTests;
				PRODUCT_NAME = "$(TARGET_NAME)";
				SWIFT_VERSION = 5.0;
				TARGETED_DEVICE_FAMILY = "1,2";
				TEST_HOST = "$(BUILT_PRODUCTS_DIR)/Processing.app/Processing";
			};
			name = Release;
		};
/* End XCBuildConfiguration section */

/* Begin XCConfigurationList section */
		343F40E722B741DF00D3A3AA /* Build configuration list for PBXProject "Processing" */ = {
			isa = XCConfigurationList;
			buildConfigurations = (
				343F410922B741E200D3A3AA /* Debug */,
				343F410A22B741E200D3A3AA /* Release */,
			);
			defaultConfigurationIsVisible = 0;
			defaultConfigurationName = Release;
		};
		343F410B22B741E200D3A3AA /* Build configuration list for PBXNativeTarget "Processing" */ = {
			isa = XCConfigurationList;
			buildConfigurations = (
				343F410C22B741E200D3A3AA /* Debug */,
				343F410D22B741E200D3A3AA /* Release */,
			);
			defaultConfigurationIsVisible = 0;
			defaultConfigurationName = Release;
		};
		343F410E22B741E200D3A3AA /* Build configuration list for PBXNativeTarget "ProcessingTests" */ = {
			isa = XCConfigurationList;
			buildConfigurations = (
				343F410F22B741E200D3A3AA /* Debug */,
				343F411022B741E200D3A3AA /* Release */,
			);
			defaultConfigurationIsVisible = 0;
			defaultConfigurationName = Release;
		};
/* End XCConfigurationList section */
	};
	rootObject = 343F40E422B741DF00D3A3AA /* Project object */;
}
